
Microsoft Visual Studio Solution File, Format Version 12.00
# Visual Studio 15
VisualStudioVersion = 15.0.27130.0
MinimumVisualStudioVersion = 10.0.40219.1
Project("{8BC9CEB8-8B4A-11D0-8D11-00A0C91BC942}") = "opencvTest", "opencvTest\opencvTest.vcxproj", "{97CCF965-350D-44CE-86F6-822B08022059}"
EndProject
Global
	GlobalSection(SolutionConfigurationPlatforms) = preSolution
		Debug|x64 = Debug|x64
		Debug|x86 = Debug|x86
		Release|x64 = Release|x64
		Release|x86 = Release|x86
	EndGlobalSection
	GlobalSection(ProjectConfigurationPlatforms) = postSolution
		{97CCF965-350D-44CE-86F6-822B08022059}.Debug|x64.ActiveCfg = Debug|x64
		{97CCF965-350D-44CE-86F6-822B08022059}.Debug|x64.Build.0 = Debug|x64
		{97CCF965-350D-44CE-86F6-822B08022059}.Debug|x86.ActiveCfg = Debug|Win32
		{97CCF965-350D-44CE-86F6-822B08022059}.Debug|x86.Build.0 = Debug|Win32
		{97CCF965-350D-44CE-86F6-822B08022059}.Release|x64.ActiveCfg = Release|x64
		{97CCF965-350D-44CE-86F6-822B08022059}.Release|x64.Build.0 = Release|x64
		{97CCF965-350D-44CE-86F6-822B08022059}.Release|x86.ActiveCfg = Release|Win32
		{97CCF965-350D-44CE-86F6-822B08022059}.Release|x86.Build.0 = Release|Win32
	EndGlobalSection
	GlobalSection(SolutionProperties) = preSolution
		HideSolutionNode = FALSE
	EndGlobalSection
	GlobalSection(ExtensibilityGlobals) = postSolution
		SolutionGuid = {5E161BE9-B21B-4258-B1EA-B00951F0B9CF}
	EndGlobalSection
EndGlobal
